{
  "name": "JUMP OR DIE",
  "lockfileVersion": 3,
  "requires": true,
  "packages": {
    "": {
      "dependencies": {
        "keycode": "^2.2.1"
      }
    },
    "node_modules/keycode": {
      "version": "2.2.1",
      "resolved": "https://registry.npmjs.org/keycode/-/keycode-2.2.1.tgz",
      "integrity": "sha512-Rdgz9Hl9Iv4QKi8b0OlCRQEzp4AgVxyCtz5S/+VIHezDmrDhkp2N2TqBWOLz0/gbeREXOOiI9/4b8BY9uw2vFg=="
    }
  }
}
